
Microsoft Visual Studio Solution File, Format Version 12.00
# Visual Studio 15
VisualStudioVersion = 15.0.26124.0
MinimumVisualStudioVersion = 15.0.26124.0
Project("{2150E333-8FDC-42A3-9474-1A3956D46DE8}") = "src", "src", "{65F027A7-AEFB-4453-8C28-BBD765702778}"
EndProject
Project("{FAE04EC0-301F-11D3-BF4B-00C04F79EFBC}") = "GradeBook", "src\GradeBook\GradeBook.csproj", "{25A98671-D9AE-4F51-BD82-8AFE3E95654B}"
EndProject
Project("{2150E333-8FDC-42A3-9474-1A3956D46DE8}") = "test", "test", "{419D8C31-12D9-4191-8740-5749B64E1B4B}"
EndProject
Project("{FAE04EC0-301F-11D3-BF4B-00C04F79EFBC}") = "GradeBook.Tests", "test\GradeBook.Tests\GradeBook.Tests.csproj", "{F3278972-1FA2-4893-A88B-D25CBD166D7C}"
EndProject
Global
	GlobalSection(SolutionConfigurationPlatforms) = preSolution
		Debug|Any CPU = Debug|Any CPU
		Debug|x64 = Debug|x64
		Debug|x86 = Debug|x86
		Release|Any CPU = Release|Any CPU
		Release|x64 = Release|x64
		Release|x86 = Release|x86
	EndGlobalSection
	GlobalSection(SolutionProperties) = preSolution
		HideSolutionNode = FALSE
	EndGlobalSection
	GlobalSection(ProjectConfigurationPlatforms) = postSolution
		{25A98671-D9AE-4F51-BD82-8AFE3E95654B}.Debug|Any CPU.ActiveCfg = Debug|Any CPU
		{25A98671-D9AE-4F51-BD82-8AFE3E95654B}.Debug|Any CPU.Build.0 = Debug|Any CPU
		{25A98671-D9AE-4F51-BD82-8AFE3E95654B}.Debug|x64.ActiveCfg = Debug|Any CPU
		{25A98671-D9AE-4F51-BD82-8AFE3E95654B}.Debug|x64.Build.0 = Debug|Any CPU
		{25A98671-D9AE-4F51-BD82-8AFE3E95654B}.Debug|x86.ActiveCfg = Debug|Any CPU
		{25A98671-D9AE-4F51-BD82-8AFE3E95654B}.Debug|x86.Build.0 = Debug|Any CPU
		{25A98671-D9AE-4F51-BD82-8AFE3E95654B}.Release|Any CPU.ActiveCfg = Release|Any CPU
		{25A98671-D9AE-4F51-BD82-8AFE3E95654B}.Release|Any CPU.Build.0 = Release|Any CPU
		{25A98671-D9AE-4F51-BD82-8AFE3E95654B}.Release|x64.ActiveCfg = Release|Any CPU
		{25A98671-D9AE-4F51-BD82-8AFE3E95654B}.Release|x64.Build.0 = Release|Any CPU
		{25A98671-D9AE-4F51-BD82-8AFE3E95654B}.Release|x86.ActiveCfg = Release|Any CPU
		{25A98671-D9AE-4F51-BD82-8AFE3E95654B}.Release|x86.Build.0 = Release|Any CPU
		{F3278972-1FA2-4893-A88B-D25CBD166D7C}.Debug|Any CPU.ActiveCfg = Debug|Any CPU
		{F3278972-1FA2-4893-A88B-D25CBD166D7C}.Debug|Any CPU.Build.0 = Debug|Any CPU
		{F3278972-1FA2-4893-A88B-D25CBD166D7C}.Debug|x64.ActiveCfg = Debug|Any CPU
		{F3278972-1FA2-4893-A88B-D25CBD166D7C}.Debug|x64.Build.0 = Debug|Any CPU
		{F3278972-1FA2-4893-A88B-D25CBD166D7C}.Debug|x86.ActiveCfg = Debug|Any CPU
		{F3278972-1FA2-4893-A88B-D25CBD166D7C}.Debug|x86.Build.0 = Debug|Any CPU
		{F3278972-1FA2-4893-A88B-D25CBD166D7C}.Release|Any CPU.ActiveCfg = Release|Any CPU
		{F3278972-1FA2-4893-A88B-D25CBD166D7C}.Release|Any CPU.Build.0 = Release|Any CPU
		{F3278972-1FA2-4893-A88B-D25CBD166D7C}.Release|x64.ActiveCfg = Release|Any CPU
		{F3278972-1FA2-4893-A88B-D25CBD166D7C}.Release|x64.Build.0 = Release|Any CPU
		{F3278972-1FA2-4893-A88B-D25CBD166D7C}.Release|x86.ActiveCfg = Release|Any CPU
		{F3278972-1FA2-4893-A88B-D25CBD166D7C}.Release|x86.Build.0 = Release|Any CPU
	EndGlobalSection
	GlobalSection(NestedProjects) = preSolution
		{25A98671-D9AE-4F51-BD82-8AFE3E95654B} = {65F027A7-AEFB-4453-8C28-BBD765702778}
		{F3278972-1FA2-4893-A88B-D25CBD166D7C} = {419D8C31-12D9-4191-8740-5749B64E1B4B}
	EndGlobalSection
EndGlobal
